// !$*UTF8*$!
{
	archiveVersion = 1;
	classes = {
	};
	objectVersion = 46;
	objects = {

/* Begin PBXBuildFile section */
		787F92501ED4EBED005C7D88 /* NewsTableViewCell.swift in Sources */ = {isa = PBXBuildFile; fileRef = 787F924E1ED4EBED005C7D88 /* NewsTableViewCell.swift */; };
		787F92511ED4EBED005C7D88 /* NewsTableViewCell.xib in Resources */ = {isa = PBXBuildFile; fileRef = 787F924F1ED4EBED005C7D88 /* NewsTableViewCell.xib */; };
		78AEAF071ECE65EE000DF09E /* AppDelegate.swift in Sources */ = {isa = PBXBuildFile; fileRef = 78AEAF061ECE65EE000DF09E /* AppDelegate.swift */; };
		78AEAF0C1ECE65EE000DF09E /* Main.storyboard in Resources */ = {isa = PBXBuildFile; fileRef = 78AEAF0A1ECE65EE000DF09E /* Main.storyboard */; };
		78AEAF0E1ECE65EE000DF09E /* Assets.xcassets in Resources */ = {isa = PBXBuildFile; fileRef = 78AEAF0D1ECE65EE000DF09E /* Assets.xcassets */; };
		78AEAF1B1ECE7215000DF09E /* CategoryViewController.swift in Sources */ = {isa = PBXBuildFile; fileRef = 78AEAF1A1ECE7215000DF09E /* CategoryViewController.swift */; };
		78AEAF1D1ECE7224000DF09E /* NewsViewController.swift in Sources */ = {isa = PBXBuildFile; fileRef = 78AEAF1C1ECE7224000DF09E /* NewsViewController.swift */; };
		78AEAF201ECE733E000DF09E /* Helper.swift in Sources */ = {isa = PBXBuildFile; fileRef = 78AEAF1F1ECE733E000DF09E /* Helper.swift */; };
		78AEAF221ECE7505000DF09E /* News.swift in Sources */ = {isa = PBXBuildFile; fileRef = 78AEAF211ECE7505000DF09E /* News.swift */; };
		78AEAF241ECE7514000DF09E /* Category.swift in Sources */ = {isa = PBXBuildFile; fileRef = 78AEAF231ECE7514000DF09E /* Category.swift */; };
		78AEAF281ECE7E48000DF09E /* CategoryTableViewCell.swift in Sources */ = {isa = PBXBuildFile; fileRef = 78AEAF261ECE7E48000DF09E /* CategoryTableViewCell.swift */; };
		78AEAF291ECE7E48000DF09E /* CategoryTableViewCell.xib in Resources */ = {isa = PBXBuildFile; fileRef = 78AEAF271ECE7E48000DF09E /* CategoryTableViewCell.xib */; };
		96EE4E471ED501A9003AC184 /* NewsDetailTableViewController.swift in Sources */ = {isa = PBXBuildFile; fileRef = 96EE4E461ED501A9003AC184 /* NewsDetailTableViewController.swift */; };
/* End PBXBuildFile section */

/* Begin PBXFileReference section */
		787F924E1ED4EBED005C7D88 /* NewsTableViewCell.swift */ = {isa = PBXFileReference; fileEncoding = 4; lastKnownFileType = sourcecode.swift; path = NewsTableViewCell.swift; sourceTree = "<group>"; };
		787F924F1ED4EBED005C7D88 /* NewsTableViewCell.xib */ = {isa = PBXFileReference; fileEncoding = 4; lastKnownFileType = file.xib; path = NewsTableViewCell.xib; sourceTree = "<group>"; };
		78AEAF031ECE65EE000DF09E /* News.app */ = {isa = PBXFileReference; explicitFileType = wrapper.application; includeInIndex = 0; path = News.app; sourceTree = BUILT_PRODUCTS_DIR; };
		78AEAF061ECE65EE000DF09E /* AppDelegate.swift */ = {isa = PBXFileReference; lastKnownFileType = sourcecode.swift; path = AppDelegate.swift; sourceTree = "<group>"; };
		78AEAF0B1ECE65EE000DF09E /* Base */ = {isa = PBXFileReference; lastKnownFileType = file.storyboard; name = Base; path = Base.lproj/Main.storyboard; sourceTree = "<group>"; };
		78AEAF0D1ECE65EE000DF09E /* Assets.xcassets */ = {isa = PBXFileReference; lastKnownFileType = folder.assetcatalog; path = Assets.xcassets; sourceTree = "<group>"; };
		78AEAF121ECE65EE000DF09E /* Info.plist */ = {isa = PBXFileReference; lastKnownFileType = text.plist.xml; path = Info.plist; sourceTree = "<group>"; };
		78AEAF1A1ECE7215000DF09E /* CategoryViewController.swift */ = {isa = PBXFileReference; fileEncoding = 4; lastKnownFileType = sourcecode.swift; path = CategoryViewController.swift; sourceTree = "<group>"; };
		78AEAF1C1ECE7224000DF09E /* NewsViewController.swift */ = {isa = PBXFileReference; fileEncoding = 4; lastKnownFileType = sourcecode.swift; path = NewsViewController.swift; sourceTree = "<group>"; };
		78AEAF1F1ECE733E000DF09E /* Helper.swift */ = {isa = PBXFileReference; fileEncoding = 4; lastKnownFileType = sourcecode.swift; path = Helper.swift; sourceTree = "<group>"; };
		78AEAF211ECE7505000DF09E /* News.swift */ = {isa = PBXFileReference; fileEncoding = 4; lastKnownFileType = sourcecode.swift; path = News.swift; sourceTree = "<group>"; };
		78AEAF231ECE7514000DF09E /* Category.swift */ = {isa = PBXFileReference; fileEncoding = 4; lastKnownFileType = sourcecode.swift; path = Category.swift; sourceTree = "<group>"; };
		78AEAF261ECE7E48000DF09E /* CategoryTableViewCell.swift */ = {isa = PBXFileReference; fileEncoding = 4; lastKnownFileType = sourcecode.swift; path = CategoryTableViewCell.swift; sourceTree = "<group>"; };
		78AEAF271ECE7E48000DF09E /* CategoryTableViewCell.xib */ = {isa = PBXFileReference; fileEncoding = 4; lastKnownFileType = file.xib; path = CategoryTableViewCell.xib; sourceTree = "<group>"; };
		96EE4E461ED501A9003AC184 /* NewsDetailTableViewController.swift */ = {isa = PBXFileReference; fileEncoding = 4; lastKnownFileType = sourcecode.swift; path = NewsDetailTableViewController.swift; sourceTree = "<group>"; };
/* End PBXFileReference section */

/* Begin PBXFrameworksBuildPhase section */
		78AEAF001ECE65EE000DF09E /* Frameworks */ = {
			isa = PBXFrameworksBuildPhase;
			buildActionMask = 2147483647;
			files = (
			);
			runOnlyForDeploymentPostprocessing = 0;
		};
/* End PBXFrameworksBuildPhase section */

/* Begin PBXGroup section */
		787F924D1ED4EBC8005C7D88 /* Custom Cell */ = {
			isa = PBXGroup;
			children = (
				787F924E1ED4EBED005C7D88 /* NewsTableViewCell.swift */,
				787F924F1ED4EBED005C7D88 /* NewsTableViewCell.xib */,
			);
			name = "Custom Cell";
			sourceTree = "<group>";
		};
		78AEAEFA1ECE65EE000DF09E = {
			isa = PBXGroup;
			children = (
				78AEAF051ECE65EE000DF09E /* News */,
				78AEAF041ECE65EE000DF09E /* Products */,
			);
			sourceTree = "<group>";
		};
		78AEAF041ECE65EE000DF09E /* Products */ = {
			isa = PBXGroup;
			children = (
				78AEAF031ECE65EE000DF09E /* News.app */,
			);
			name = Products;
			sourceTree = "<group>";
		};
		78AEAF051ECE65EE000DF09E /* News */ = {
			isa = PBXGroup;
			children = (
				78AEAF1E1ECE7334000DF09E /* Extensions */,
				78AEAF191ECE71A7000DF09E /* News */,
				78AEAF181ECE71A0000DF09E /* Categories */,
				78AEAF061ECE65EE000DF09E /* AppDelegate.swift */,
				78AEAF0A1ECE65EE000DF09E /* Main.storyboard */,
				78AEAF0D1ECE65EE000DF09E /* Assets.xcassets */,
				78AEAF121ECE65EE000DF09E /* Info.plist */,
			);
			path = News;
			sourceTree = "<group>";
		};
		78AEAF181ECE71A0000DF09E /* Categories */ = {
			isa = PBXGroup;
			children = (
				78AEAF251ECE7E1E000DF09E /* CustomCell */,
				78AEAF1A1ECE7215000DF09E /* CategoryViewController.swift */,
				78AEAF231ECE7514000DF09E /* Category.swift */,
			);
			name = Categories;
			sourceTree = "<group>";
		};
		78AEAF191ECE71A7000DF09E /* News */ = {
			isa = PBXGroup;
			children = (
				787F924D1ED4EBC8005C7D88 /* Custom Cell */,
				78AEAF1C1ECE7224000DF09E /* NewsViewController.swift */,
				78AEAF211ECE7505000DF09E /* News.swift */,
				96EE4E461ED501A9003AC184 /* NewsDetailTableViewController.swift */,
			);
			name = News;
			sourceTree = "<group>";
		};
		78AEAF1E1ECE7334000DF09E /* Extensions */ = {
			isa = PBXGroup;
			children = (
				78AEAF1F1ECE733E000DF09E /* Helper.swift */,
			);
			name = Extensions;
			sourceTree = "<group>";
		};
		78AEAF251ECE7E1E000DF09E /* CustomCell */ = {
			isa = PBXGroup;
			children = (
				78AEAF261ECE7E48000DF09E /* CategoryTableViewCell.swift */,
				78AEAF271ECE7E48000DF09E /* CategoryTableViewCell.xib */,
			);
			name = CustomCell;
			sourceTree = "<group>";
		};
/* End PBXGroup section */

/* Begin PBXNativeTarget section */
		78AEAF021ECE65EE000DF09E /* News */ = {
			isa = PBXNativeTarget;
			buildConfigurationList = 78AEAF151ECE65EE000DF09E /* Build configuration list for PBXNativeTarget "News" */;
			buildPhases = (
				78AEAEFF1ECE65EE000DF09E /* Sources */,
				78AEAF001ECE65EE000DF09E /* Frameworks */,
				78AEAF011ECE65EE000DF09E /* Resources */,
			);
			buildRules = (
			);
			dependencies = (
			);
			name = News;
			productName = News;
			productReference = 78AEAF031ECE65EE000DF09E /* News.app */;
			productType = "com.apple.product-type.application";
		};
/* End PBXNativeTarget section */

/* Begin PBXProject section */
		78AEAEFB1ECE65EE000DF09E /* Project object */ = {
			isa = PBXProject;
			attributes = {
				LastSwiftUpdateCheck = 0830;
				LastUpgradeCheck = 0830;
				ORGANIZATIONNAME = "César Brenes Solano";
				TargetAttributes = {
					78AEAF021ECE65EE000DF09E = {
						CreatedOnToolsVersion = 8.3.2;
						ProvisioningStyle = Automatic;
					};
				};
			};
			buildConfigurationList = 78AEAEFE1ECE65EE000DF09E /* Build configuration list for PBXProject "News" */;
			compatibilityVersion = "Xcode 3.2";
			developmentRegion = English;
			hasScannedForEncodings = 0;
			knownRegions = (
				en,
				Base,
			);
			mainGroup = 78AEAEFA1ECE65EE000DF09E;
			productRefGroup = 78AEAF041ECE65EE000DF09E /* Products */;
			projectDirPath = "";
			projectRoot = "";
			targets = (
				78AEAF021ECE65EE000DF09E /* News */,
			);
		};
/* End PBXProject section */

/* Begin PBXResourcesBuildPhase section */
		78AEAF011ECE65EE000DF09E /* Resources */ = {
			isa = PBXResourcesBuildPhase;
			buildActionMask = 2147483647;
			files = (
				78AEAF291ECE7E48000DF09E /* CategoryTableViewCell.xib in Resources */,
				78AEAF0E1ECE65EE000DF09E /* Assets.xcassets in Resources */,
				787F92511ED4EBED005C7D88 /* NewsTableViewCell.xib in Resources */,
				78AEAF0C1ECE65EE000DF09E /* Main.storyboard in Resources */,
			);
			runOnlyForDeploymentPostprocessing = 0;
		};
/* End PBXResourcesBuildPhase section */

/* Begin PBXSourcesBuildPhase section */
		78AEAEFF1ECE65EE000DF09E /* Sources */ = {
			isa = PBXSourcesBuildPhase;
			buildActionMask = 2147483647;
			files = (
				78AEAF1D1ECE7224000DF09E /* NewsViewController.swift in Sources */,
				78AEAF1B1ECE7215000DF09E /* CategoryViewController.swift in Sources */,
				787F92501ED4EBED005C7D88 /* NewsTableViewCell.swift in Sources */,
				78AEAF071ECE65EE000DF09E /* AppDelegate.swift in Sources */,
				78AEAF221ECE7505000DF09E /* News.swift in Sources */,
				78AEAF281ECE7E48000DF09E /* CategoryTableViewCell.swift in Sources */,
				78AEAF201ECE733E000DF09E /* Helper.swift in Sources */,
				96EE4E471ED501A9003AC184 /* NewsDetailTableViewController.swift in Sources */,
				78AEAF241ECE7514000DF09E /* Category.swift in Sources */,
			);
			runOnlyForDeploymentPostprocessing = 0;
		};
/* End PBXSourcesBuildPhase section */

/* Begin PBXVariantGroup section */
		78AEAF0A1ECE65EE000DF09E /* Main.storyboard */ = {
			isa = PBXVariantGroup;
			children = (
				78AEAF0B1ECE65EE000DF09E /* Base */,
			);
			name = Main.storyboard;
			sourceTree = "<group>";
		};
/* End PBXVariantGroup section */

/* Begin XCBuildConfiguration section */
		78AEAF131ECE65EE000DF09E /* Debug */ = {
			isa = XCBuildConfiguration;
			buildSettings = {
				ALWAYS_SEARCH_USER_PATHS = NO;
				CLANG_ANALYZER_NONNULL = YES;
				CLANG_ANALYZER_NUMBER_OBJECT_CONVERSION = YES_AGGRESSIVE;
				CLANG_CXX_LANGUAGE_STANDARD = "gnu++0x";
				CLANG_CXX_LIBRARY = "libc++";
				CLANG_ENABLE_MODULES = YES;
				CLANG_ENABLE_OBJC_ARC = YES;
				CLANG_WARN_BOOL_CONVERSION = YES;
				CLANG_WARN_CONSTANT_CONVERSION = YES;
				CLANG_WARN_DIRECT_OBJC_ISA_USAGE = YES_ERROR;
				CLANG_WARN_DOCUMENTATION_COMMENTS = YES;
				CLANG_WARN_EMPTY_BODY = YES;
				CLANG_WARN_ENUM_CONVERSION = YES;
				CLANG_WARN_INFINITE_RECURSION = YES;
				CLANG_WARN_INT_CONVERSION = YES;
				CLANG_WARN_OBJC_ROOT_CLASS = YES_ERROR;
				CLANG_WARN_SUSPICIOUS_MOVE = YES;
				CLANG_WARN_UNREACHABLE_CODE = YES;
				CLANG_WARN__DUPLICATE_METHOD_MATCH = YES;
				"CODE_SIGN_IDENTITY[sdk=iphoneos*]" = "iPhone Developer";
				COPY_PHASE_STRIP = NO;
				DEBUG_INFORMATION_FORMAT = dwarf;
				ENABLE_STRICT_OBJC_MSGSEND = YES;
				ENABLE_TESTABILITY = YES;
				GCC_C_LANGUAGE_STANDARD = gnu99;
				GCC_DYNAMIC_NO_PIC = NO;
				GCC_NO_COMMON_BLOCKS = YES;
				GCC_OPTIMIZATION_LEVEL = 0;
				GCC_PREPROCESSOR_DEFINITIONS = (
					"DEBUG=1",
					"$(inherited)",
				);
				GCC_WARN_64_TO_32_BIT_CONVERSION = YES;
				GCC_WARN_ABOUT_RETURN_TYPE = YES_ERROR;
				GCC_WARN_UNDECLARED_SELECTOR = YES;
				GCC_WARN_UNINITIALIZED_AUTOS = YES_AGGRESSIVE;
				GCC_WARN_UNUSED_FUNCTION = YES;
				GCC_WARN_UNUSED_VARIABLE = YES;
				IPHONEOS_DEPLOYMENT_TARGET = 10.3;
				MTL_ENABLE_DEBUG_INFO = YES;
				ONLY_ACTIVE_ARCH = YES;
				SDKROOT = iphoneos;
				SWIFT_ACTIVE_COMPILATION_CONDITIONS = DEBUG;
				SWIFT_OPTIMIZATION_LEVEL = "-Onone";
			};
			name = Debug;
		};
		78AEAF141ECE65EE000DF09E /* Release */ = {
			isa = XCBuildConfiguration;
			buildSettings = {
				ALWAYS_SEARCH_USER_PATHS = NO;
				CLANG_ANALYZER_NONNULL = YES;
				CLANG_ANALYZER_NUMBER_OBJECT_CONVERSION = YES_AGGRESSIVE;
				CLANG_CXX_LANGUAGE_STANDARD = "gnu++0x";
				CLANG_CXX_LIBRARY = "libc++";
				CLANG_ENABLE_MODULES = YES;
				CLANG_ENABLE_OBJC_ARC = YES;
				CLANG_WARN_BOOL_CONVERSION = YES;
				CLANG_WARN_CONSTANT_CONVERSION = YES;
				CLANG_WARN_DIRECT_OBJC_ISA_USAGE = YES_ERROR;
				CLANG_WARN_DOCUMENTATION_COMMENTS = YES;
				CLANG_WARN_EMPTY_BODY = YES;
				CLANG_WARN_ENUM_CONVERSION = YES;
				CLANG_WARN_INFINITE_RECURSION = YES;
				CLANG_WARN_INT_CONVERSION = YES;
				CLANG_WARN_OBJC_ROOT_CLASS = YES_ERROR;
				CLANG_WARN_SUSPICIOUS_MOVE = YES;
				CLANG_WARN_UNREACHABLE_CODE = YES;
				CLANG_WARN__DUPLICATE_METHOD_MATCH = YES;
				"CODE_SIGN_IDENTITY[sdk=iphoneos*]" = "iPhone Developer";
				COPY_PHASE_STRIP = NO;
				DEBUG_INFORMATION_FORMAT = "dwarf-with-dsym";
				ENABLE_NS_ASSERTIONS = NO;
				ENABLE_STRICT_OBJC_MSGSEND = YES;
				GCC_C_LANGUAGE_STANDARD = gnu99;
				GCC_NO_COMMON_BLOCKS = YES;
				GCC_WARN_64_TO_32_BIT_CONVERSION = YES;
				GCC_WARN_ABOUT_RETURN_TYPE = YES_ERROR;
				GCC_WARN_UNDECLARED_SELECTOR = YES;
				GCC_WARN_UNINITIALIZED_AUTOS = YES_AGGRESSIVE;
				GCC_WARN_UNUSED_FUNCTION = YES;
				GCC_WARN_UNUSED_VARIABLE = YES;
				IPHONEOS_DEPLOYMENT_TARGET = 10.3;
				MTL_ENABLE_DEBUG_INFO = NO;
				SDKROOT = iphoneos;
				SWIFT_OPTIMIZATION_LEVEL = "-Owholemodule";
				VALIDATE_PRODUCT = YES;
			};
			name = Release;
		};
		78AEAF161ECE65EE000DF09E /* Debug */ = {
			isa = XCBuildConfiguration;
			buildSettings = {
				ASSETCATALOG_COMPILER_APPICON_NAME = AppIcon;
				ASSETCATALOG_COMPILER_LAUNCHIMAGE_NAME = LaunchImage;
				DEVELOPMENT_TEAM = "";
				INFOPLIST_FILE = News/Info.plist;
				LD_RUNPATH_SEARCH_PATHS = "$(inherited) @executable_path/Frameworks";
				PRODUCT_BUNDLE_IDENTIFIER = com.veuxLabs.News;
				PRODUCT_NAME = "$(TARGET_NAME)";
				SWIFT_VERSION = 3.0;
			};
			name = Debug;
		};
		78AEAF171ECE65EE000DF09E /* Release */ = {
			isa = XCBuildConfiguration;
			buildSettings = {
				ASSETCATALOG_COMPILER_APPICON_NAME = AppIcon;
				ASSETCATALOG_COMPILER_LAUNCHIMAGE_NAME = LaunchImage;
				DEVELOPMENT_TEAM = "";
				INFOPLIST_FILE = News/Info.plist;
				LD_RUNPATH_SEARCH_PATHS = "$(inherited) @executable_path/Frameworks";
				PRODUCT_BUNDLE_IDENTIFIER = com.veuxLabs.News;
				PRODUCT_NAME = "$(TARGET_NAME)";
				SWIFT_VERSION = 3.0;
			};
			name = Release;
		};
/* End XCBuildConfiguration section */

/* Begin XCConfigurationList section */
		78AEAEFE1ECE65EE000DF09E /* Build configuration list for PBXProject "News" */ = {
			isa = XCConfigurationList;
			buildConfigurations = (
				78AEAF131ECE65EE000DF09E /* Debug */,
				78AEAF141ECE65EE000DF09E /* Release */,
			);
			defaultConfigurationIsVisible = 0;
			defaultConfigurationName = Release;
		};
		78AEAF151ECE65EE000DF09E /* Build configuration list for PBXNativeTarget "News" */ = {
			isa = XCConfigurationList;
			buildConfigurations = (
				78AEAF161ECE65EE000DF09E /* Debug */,
				78AEAF171ECE65EE000DF09E /* Release */,
			);
			defaultConfigurationIsVisible = 0;
			defaultConfigurationName = Release;
		};
/* End XCConfigurationList section */
	};
	rootObject = 78AEAEFB1ECE65EE000DF09E /* Project object */;
}
