// !$*UTF8*$!
{
	archiveVersion = 1;
	classes = {
	};
	objectVersion = 46;
	objects = {

/* Begin PBXBuildFile section */
		96EAE96E1ED3A65D001E5D54 /* AppDelegate.swift in Sources */ = {isa = PBXBuildFile; fileRef = 96EAE96D1ED3A65D001E5D54 /* AppDelegate.swift */; };
		96EAE9751ED3A65D001E5D54 /* Assets.xcassets in Resources */ = {isa = PBXBuildFile; fileRef = 96EAE9741ED3A65D001E5D54 /* Assets.xcassets */; };
		96EAE9781ED3A65D001E5D54 /* LaunchScreen.storyboard in Resources */ = {isa = PBXBuildFile; fileRef = 96EAE9761ED3A65D001E5D54 /* LaunchScreen.storyboard */; };
		96EAE9831ED3A703001E5D54 /* Helper.swift in Sources */ = {isa = PBXBuildFile; fileRef = 96EAE9821ED3A703001E5D54 /* Helper.swift */; };
		96EAE9861ED3A758001E5D54 /* CustomTableViewCell.swift in Sources */ = {isa = PBXBuildFile; fileRef = 96EAE9841ED3A758001E5D54 /* CustomTableViewCell.swift */; };
		96EAE9871ED3A758001E5D54 /* CustomTableViewCell.xib in Resources */ = {isa = PBXBuildFile; fileRef = 96EAE9851ED3A758001E5D54 /* CustomTableViewCell.xib */; };
		96EAE9891ED3A897001E5D54 /* PrimoTableViewController.swift in Sources */ = {isa = PBXBuildFile; fileRef = 96EAE9881ED3A897001E5D54 /* PrimoTableViewController.swift */; };
		96EAE98B1ED3AEAB001E5D54 /* Number.storyboard in Resources */ = {isa = PBXBuildFile; fileRef = 96EAE98A1ED3AEAB001E5D54 /* Number.storyboard */; };
/* End PBXBuildFile section */

/* Begin PBXFileReference section */
		96EAE96A1ED3A65D001E5D54 /* Tarea 2.app */ = {isa = PBXFileReference; explicitFileType = wrapper.application; includeInIndex = 0; path = "Tarea 2.app"; sourceTree = BUILT_PRODUCTS_DIR; };
		96EAE96D1ED3A65D001E5D54 /* AppDelegate.swift */ = {isa = PBXFileReference; lastKnownFileType = sourcecode.swift; path = AppDelegate.swift; sourceTree = "<group>"; };
		96EAE9741ED3A65D001E5D54 /* Assets.xcassets */ = {isa = PBXFileReference; lastKnownFileType = folder.assetcatalog; path = Assets.xcassets; sourceTree = "<group>"; };
		96EAE9771ED3A65D001E5D54 /* Base */ = {isa = PBXFileReference; lastKnownFileType = file.storyboard; name = Base; path = Base.lproj/LaunchScreen.storyboard; sourceTree = "<group>"; };
		96EAE9791ED3A65D001E5D54 /* Info.plist */ = {isa = PBXFileReference; lastKnownFileType = text.plist.xml; path = Info.plist; sourceTree = "<group>"; };
		96EAE9821ED3A703001E5D54 /* Helper.swift */ = {isa = PBXFileReference; fileEncoding = 4; lastKnownFileType = sourcecode.swift; path = Helper.swift; sourceTree = "<group>"; };
		96EAE9841ED3A758001E5D54 /* CustomTableViewCell.swift */ = {isa = PBXFileReference; fileEncoding = 4; lastKnownFileType = sourcecode.swift; path = CustomTableViewCell.swift; sourceTree = "<group>"; };
		96EAE9851ED3A758001E5D54 /* CustomTableViewCell.xib */ = {isa = PBXFileReference; fileEncoding = 4; lastKnownFileType = file.xib; path = CustomTableViewCell.xib; sourceTree = "<group>"; };
		96EAE9881ED3A897001E5D54 /* PrimoTableViewController.swift */ = {isa = PBXFileReference; fileEncoding = 4; lastKnownFileType = sourcecode.swift; path = PrimoTableViewController.swift; sourceTree = "<group>"; };
		96EAE98A1ED3AEAB001E5D54 /* Number.storyboard */ = {isa = PBXFileReference; fileEncoding = 4; lastKnownFileType = file.storyboard; path = Number.storyboard; sourceTree = "<group>"; };
/* End PBXFileReference section */

/* Begin PBXFrameworksBuildPhase section */
		96EAE9671ED3A65D001E5D54 /* Frameworks */ = {
			isa = PBXFrameworksBuildPhase;
			buildActionMask = 2147483647;
			files = (
			);
			runOnlyForDeploymentPostprocessing = 0;
		};
/* End PBXFrameworksBuildPhase section */

/* Begin PBXGroup section */
		96EAE9611ED3A65D001E5D54 = {
			isa = PBXGroup;
			children = (
				96EAE96C1ED3A65D001E5D54 /* Tarea 2 */,
				96EAE96B1ED3A65D001E5D54 /* Products */,
			);
			sourceTree = "<group>";
		};
		96EAE96B1ED3A65D001E5D54 /* Products */ = {
			isa = PBXGroup;
			children = (
				96EAE96A1ED3A65D001E5D54 /* Tarea 2.app */,
			);
			name = Products;
			sourceTree = "<group>";
		};
		96EAE96C1ED3A65D001E5D54 /* Tarea 2 */ = {
			isa = PBXGroup;
			children = (
				96EAE97F1ED3A674001E5D54 /* Custom */,
				96EAE96D1ED3A65D001E5D54 /* AppDelegate.swift */,
				96EAE9741ED3A65D001E5D54 /* Assets.xcassets */,
				96EAE9761ED3A65D001E5D54 /* LaunchScreen.storyboard */,
				96EAE9791ED3A65D001E5D54 /* Info.plist */,
				96EAE9821ED3A703001E5D54 /* Helper.swift */,
				96EAE9881ED3A897001E5D54 /* PrimoTableViewController.swift */,
				96EAE98A1ED3AEAB001E5D54 /* Number.storyboard */,
			);
			path = "Tarea 2";
			sourceTree = "<group>";
		};
		96EAE97F1ED3A674001E5D54 /* Custom */ = {
			isa = PBXGroup;
			children = (
				96EAE9841ED3A758001E5D54 /* CustomTableViewCell.swift */,
				96EAE9851ED3A758001E5D54 /* CustomTableViewCell.xib */,
			);
			name = Custom;
			sourceTree = "<group>";
		};
/* End PBXGroup section */

/* Begin PBXNativeTarget section */
		96EAE9691ED3A65D001E5D54 /* Tarea 2 */ = {
			isa = PBXNativeTarget;
			buildConfigurationList = 96EAE97C1ED3A65D001E5D54 /* Build configuration list for PBXNativeTarget "Tarea 2" */;
			buildPhases = (
				96EAE9661ED3A65D001E5D54 /* Sources */,
				96EAE9671ED3A65D001E5D54 /* Frameworks */,
				96EAE9681ED3A65D001E5D54 /* Resources */,
			);
			buildRules = (
			);
			dependencies = (
			);
			name = "Tarea 2";
			productName = "Tarea 2";
			productReference = 96EAE96A1ED3A65D001E5D54 /* Tarea 2.app */;
			productType = "com.apple.product-type.application";
		};
/* End PBXNativeTarget section */

/* Begin PBXProject section */
		96EAE9621ED3A65D001E5D54 /* Project object */ = {
			isa = PBXProject;
			attributes = {
				LastSwiftUpdateCheck = 0830;
				LastUpgradeCheck = 0830;
				ORGANIZATIONNAME = "IMPESA S.A";
				TargetAttributes = {
					96EAE9691ED3A65D001E5D54 = {
						CreatedOnToolsVersion = 8.3.2;
						ProvisioningStyle = Automatic;
					};
				};
			};
			buildConfigurationList = 96EAE9651ED3A65D001E5D54 /* Build configuration list for PBXProject "Tarea 2" */;
			compatibilityVersion = "Xcode 3.2";
			developmentRegion = English;
			hasScannedForEncodings = 0;
			knownRegions = (
				en,
				Base,
			);
			mainGroup = 96EAE9611ED3A65D001E5D54;
			productRefGroup = 96EAE96B1ED3A65D001E5D54 /* Products */;
			projectDirPath = "";
			projectRoot = "";
			targets = (
				96EAE9691ED3A65D001E5D54 /* Tarea 2 */,
			);
		};
/* End PBXProject section */

/* Begin PBXResourcesBuildPhase section */
		96EAE9681ED3A65D001E5D54 /* Resources */ = {
			isa = PBXResourcesBuildPhase;
			buildActionMask = 2147483647;
			files = (
				96EAE9781ED3A65D001E5D54 /* LaunchScreen.storyboard in Resources */,
				96EAE98B1ED3AEAB001E5D54 /* Number.storyboard in Resources */,
				96EAE9751ED3A65D001E5D54 /* Assets.xcassets in Resources */,
				96EAE9871ED3A758001E5D54 /* CustomTableViewCell.xib in Resources */,
			);
			runOnlyForDeploymentPostprocessing = 0;
		};
/* End PBXResourcesBuildPhase section */

/* Begin PBXSourcesBuildPhase section */
		96EAE9661ED3A65D001E5D54 /* Sources */ = {
			isa = PBXSourcesBuildPhase;
			buildActionMask = 2147483647;
			files = (
				96EAE96E1ED3A65D001E5D54 /* AppDelegate.swift in Sources */,
				96EAE9861ED3A758001E5D54 /* CustomTableViewCell.swift in Sources */,
				96EAE9831ED3A703001E5D54 /* Helper.swift in Sources */,
				96EAE9891ED3A897001E5D54 /* PrimoTableViewController.swift in Sources */,
			);
			runOnlyForDeploymentPostprocessing = 0;
		};
/* End PBXSourcesBuildPhase section */

/* Begin PBXVariantGroup section */
		96EAE9761ED3A65D001E5D54 /* LaunchScreen.storyboard */ = {
			isa = PBXVariantGroup;
			children = (
				96EAE9771ED3A65D001E5D54 /* Base */,
			);
			name = LaunchScreen.storyboard;
			sourceTree = "<group>";
		};
/* End PBXVariantGroup section */

/* Begin XCBuildConfiguration section */
		96EAE97A1ED3A65D001E5D54 /* Debug */ = {
			isa = XCBuildConfiguration;
			buildSettings = {
				ALWAYS_SEARCH_USER_PATHS = NO;
				CLANG_ANALYZER_NONNULL = YES;
				CLANG_ANALYZER_NUMBER_OBJECT_CONVERSION = YES_AGGRESSIVE;
				CLANG_CXX_LANGUAGE_STANDARD = "gnu++0x";
				CLANG_CXX_LIBRARY = "libc++";
				CLANG_ENABLE_MODULES = YES;
				CLANG_ENABLE_OBJC_ARC = YES;
				CLANG_WARN_BOOL_CONVERSION = YES;
				CLANG_WARN_CONSTANT_CONVERSION = YES;
				CLANG_WARN_DIRECT_OBJC_ISA_USAGE = YES_ERROR;
				CLANG_WARN_DOCUMENTATION_COMMENTS = YES;
				CLANG_WARN_EMPTY_BODY = YES;
				CLANG_WARN_ENUM_CONVERSION = YES;
				CLANG_WARN_INFINITE_RECURSION = YES;
				CLANG_WARN_INT_CONVERSION = YES;
				CLANG_WARN_OBJC_ROOT_CLASS = YES_ERROR;
				CLANG_WARN_SUSPICIOUS_MOVE = YES;
				CLANG_WARN_UNREACHABLE_CODE = YES;
				CLANG_WARN__DUPLICATE_METHOD_MATCH = YES;
				"CODE_SIGN_IDENTITY[sdk=iphoneos*]" = "iPhone Developer";
				COPY_PHASE_STRIP = NO;
				DEBUG_INFORMATION_FORMAT = dwarf;
				ENABLE_STRICT_OBJC_MSGSEND = YES;
				ENABLE_TESTABILITY = YES;
				GCC_C_LANGUAGE_STANDARD = gnu99;
				GCC_DYNAMIC_NO_PIC = NO;
				GCC_NO_COMMON_BLOCKS = YES;
				GCC_OPTIMIZATION_LEVEL = 0;
				GCC_PREPROCESSOR_DEFINITIONS = (
					"DEBUG=1",
					"$(inherited)",
				);
				GCC_WARN_64_TO_32_BIT_CONVERSION = YES;
				GCC_WARN_ABOUT_RETURN_TYPE = YES_ERROR;
				GCC_WARN_UNDECLARED_SELECTOR = YES;
				GCC_WARN_UNINITIALIZED_AUTOS = YES_AGGRESSIVE;
				GCC_WARN_UNUSED_FUNCTION = YES;
				GCC_WARN_UNUSED_VARIABLE = YES;
				IPHONEOS_DEPLOYMENT_TARGET = 10.3;
				MTL_ENABLE_DEBUG_INFO = YES;
				ONLY_ACTIVE_ARCH = YES;
				SDKROOT = iphoneos;
				SWIFT_ACTIVE_COMPILATION_CONDITIONS = DEBUG;
				SWIFT_OPTIMIZATION_LEVEL = "-Onone";
			};
			name = Debug;
		};
		96EAE97B1ED3A65D001E5D54 /* Release */ = {
			isa = XCBuildConfiguration;
			buildSettings = {
				ALWAYS_SEARCH_USER_PATHS = NO;
				CLANG_ANALYZER_NONNULL = YES;
				CLANG_ANALYZER_NUMBER_OBJECT_CONVERSION = YES_AGGRESSIVE;
				CLANG_CXX_LANGUAGE_STANDARD = "gnu++0x";
				CLANG_CXX_LIBRARY = "libc++";
				CLANG_ENABLE_MODULES = YES;
				CLANG_ENABLE_OBJC_ARC = YES;
				CLANG_WARN_BOOL_CONVERSION = YES;
				CLANG_WARN_CONSTANT_CONVERSION = YES;
				CLANG_WARN_DIRECT_OBJC_ISA_USAGE = YES_ERROR;
				CLANG_WARN_DOCUMENTATION_COMMENTS = YES;
				CLANG_WARN_EMPTY_BODY = YES;
				CLANG_WARN_ENUM_CONVERSION = YES;
				CLANG_WARN_INFINITE_RECURSION = YES;
				CLANG_WARN_INT_CONVERSION = YES;
				CLANG_WARN_OBJC_ROOT_CLASS = YES_ERROR;
				CLANG_WARN_SUSPICIOUS_MOVE = YES;
				CLANG_WARN_UNREACHABLE_CODE = YES;
				CLANG_WARN__DUPLICATE_METHOD_MATCH = YES;
				"CODE_SIGN_IDENTITY[sdk=iphoneos*]" = "iPhone Developer";
				COPY_PHASE_STRIP = NO;
				DEBUG_INFORMATION_FORMAT = "dwarf-with-dsym";
				ENABLE_NS_ASSERTIONS = NO;
				ENABLE_STRICT_OBJC_MSGSEND = YES;
				GCC_C_LANGUAGE_STANDARD = gnu99;
				GCC_NO_COMMON_BLOCKS = YES;
				GCC_WARN_64_TO_32_BIT_CONVERSION = YES;
				GCC_WARN_ABOUT_RETURN_TYPE = YES_ERROR;
				GCC_WARN_UNDECLARED_SELECTOR = YES;
				GCC_WARN_UNINITIALIZED_AUTOS = YES_AGGRESSIVE;
				GCC_WARN_UNUSED_FUNCTION = YES;
				GCC_WARN_UNUSED_VARIABLE = YES;
				IPHONEOS_DEPLOYMENT_TARGET = 10.3;
				MTL_ENABLE_DEBUG_INFO = NO;
				SDKROOT = iphoneos;
				SWIFT_OPTIMIZATION_LEVEL = "-Owholemodule";
				VALIDATE_PRODUCT = YES;
			};
			name = Release;
		};
		96EAE97D1ED3A65D001E5D54 /* Debug */ = {
			isa = XCBuildConfiguration;
			buildSettings = {
				ASSETCATALOG_COMPILER_APPICON_NAME = AppIcon;
				INFOPLIST_FILE = "Tarea 2/Info.plist";
				LD_RUNPATH_SEARCH_PATHS = "$(inherited) @executable_path/Frameworks";
				PRODUCT_BUNDLE_IDENTIFIER = "IMPESA.Tarea-2";
				PRODUCT_NAME = "$(TARGET_NAME)";
				SWIFT_VERSION = 3.0;
			};
			name = Debug;
		};
		96EAE97E1ED3A65D001E5D54 /* Release */ = {
			isa = XCBuildConfiguration;
			buildSettings = {
				ASSETCATALOG_COMPILER_APPICON_NAME = AppIcon;
				INFOPLIST_FILE = "Tarea 2/Info.plist";
				LD_RUNPATH_SEARCH_PATHS = "$(inherited) @executable_path/Frameworks";
				PRODUCT_BUNDLE_IDENTIFIER = "IMPESA.Tarea-2";
				PRODUCT_NAME = "$(TARGET_NAME)";
				SWIFT_VERSION = 3.0;
			};
			name = Release;
		};
/* End XCBuildConfiguration section */

/* Begin XCConfigurationList section */
		96EAE9651ED3A65D001E5D54 /* Build configuration list for PBXProject "Tarea 2" */ = {
			isa = XCConfigurationList;
			buildConfigurations = (
				96EAE97A1ED3A65D001E5D54 /* Debug */,
				96EAE97B1ED3A65D001E5D54 /* Release */,
			);
			defaultConfigurationIsVisible = 0;
			defaultConfigurationName = Release;
		};
		96EAE97C1ED3A65D001E5D54 /* Build configuration list for PBXNativeTarget "Tarea 2" */ = {
			isa = XCConfigurationList;
			buildConfigurations = (
				96EAE97D1ED3A65D001E5D54 /* Debug */,
				96EAE97E1ED3A65D001E5D54 /* Release */,
			);
			defaultConfigurationIsVisible = 0;
		};
/* End XCConfigurationList section */
	};
	rootObject = 96EAE9621ED3A65D001E5D54 /* Project object */;
}
